
Microsoft Visual Studio Solution File, Format Version 12.00
# Visual Studio Version 17
VisualStudioVersion = 17.4.33213.308
MinimumVisualStudioVersion = 10.0.40219.1
Project("{FAE04EC0-301F-11D3-BF4B-00C04F79EFBC}") = "MMTPracticalTest", "MMTPracticalTest\MMTPracticalTest.csproj", "{EE0EE086-C0FD-4ABA-8CF1-044EEF95DDF5}"
EndProject
Global
	GlobalSection(SolutionConfigurationPlatforms) = preSolution
		Debug|Any CPU = Debug|Any CPU
		Release|Any CPU = Release|Any CPU
	EndGlobalSection
	GlobalSection(ProjectConfigurationPlatforms) = postSolution
		{EE0EE086-C0FD-4ABA-8CF1-044EEF95DDF5}.Debug|Any CPU.ActiveCfg = Debug|Any CPU
		{EE0EE086-C0FD-4ABA-8CF1-044EEF95DDF5}.Debug|Any CPU.Build.0 = Debug|Any CPU
		{EE0EE086-C0FD-4ABA-8CF1-044EEF95DDF5}.Release|Any CPU.ActiveCfg = Release|Any CPU
		{EE0EE086-C0FD-4ABA-8CF1-044EEF95DDF5}.Release|Any CPU.Build.0 = Release|Any CPU
	EndGlobalSection
	GlobalSection(SolutionProperties) = preSolution
		HideSolutionNode = FALSE
	EndGlobalSection
	GlobalSection(ExtensibilityGlobals) = postSolution
		SolutionGuid = {249BC7F7-DE44-441C-9C72-F65F69349C3F}
	EndGlobalSection
EndGlobal
